{
  "name": "agentank-simulator",
  "version": "0.1.0",
  "lockfileVersion": 3,
  "requires": true,
  "packages": {
    "": {
      "name": "agentank-simulator",
      "version": "0.1.0",
      "license": "MIT",
      "bin": {
        "agentank-simulate-local": "bin/simulate-local.mjs"
      },
      "engines": {
        "node": ">=22.0.0"
      }
    }
  }
}
